
Microsoft Visual Studio Solution File, Format Version 12.00
# Visual Studio Version 17
VisualStudioVersion = 17.0.31903.59
MinimumVisualStudioVersion = 10.0.40219.1
Project("{FAE04EC0-301F-11D3-BF4B-00C04F79EFBC}") = "ApiGateway", "ApiGateway\ApiGateway.csproj", "{38E70746-7B7B-4354-8D16-5C55C798FCF3}"
EndProject
Global
	GlobalSection(SolutionConfigurationPlatforms) = preSolution
		Debug|Any CPU = Debug|Any CPU
		Release|Any CPU = Release|Any CPU
	EndGlobalSection
	GlobalSection(ProjectConfigurationPlatforms) = postSolution
		{38E70746-7B7B-4354-8D16-5C55C798FCF3}.Debug|Any CPU.ActiveCfg = Debug|Any CPU
		{38E70746-7B7B-4354-8D16-5C55C798FCF3}.Debug|Any CPU.Build.0 = Debug|Any CPU
		{38E70746-7B7B-4354-8D16-5C55C798FCF3}.Release|Any CPU.ActiveCfg = Release|Any CPU
		{38E70746-7B7B-4354-8D16-5C55C798FCF3}.Release|Any CPU.Build.0 = Release|Any CPU
	EndGlobalSection
	GlobalSection(SolutionProperties) = preSolution
		HideSolutionNode = FALSE
	EndGlobalSection
EndGlobal
